// !$*UTF8*$!
{
	archiveVersion = 1;
	classes = {
	};
	objectVersion = 51;
	objects = {

/* Begin PBXBuildFile section */
		040C448F232559EE00492778 /* AppDelegate.swift in Sources */ = {isa = PBXBuildFile; fileRef = 040C448E232559EE00492778 /* AppDelegate.swift */; };
		040C4491232559EE00492778 /* ViewController.swift in Sources */ = {isa = PBXBuildFile; fileRef = 040C4490232559EE00492778 /* ViewController.swift */; };
		040C4494232559EE00492778 /* Main.storyboard in Resources */ = {isa = PBXBuildFile; fileRef = 040C4492232559EE00492778 /* Main.storyboard */; };
		040C4496232559EF00492778 /* Assets.xcassets in Resources */ = {isa = PBXBuildFile; fileRef = 040C4495232559EF00492778 /* Assets.xcassets */; };
		040C44A123255A0400492778 /* Podfile in Resources */ = {isa = PBXBuildFile; fileRef = 040C44A023255A0400492778 /* Podfile */; };
		040C44AA232597AB00492778 /* CatDescriptionViewController.swift in Sources */ = {isa = PBXBuildFile; fileRef = 040C44A9232597AB00492778 /* CatDescriptionViewController.swift */; };
		3AEBEA375DE5FC1DCDB6C112 /* Pods_GifChallenge.framework in Frameworks */ = {isa = PBXBuildFile; fileRef = DAA21A6859067DE3AA612C17 /* Pods_GifChallenge.framework */; };
/* End PBXBuildFile section */

/* Begin PBXFileReference section */
		040C448B232559EE00492778 /* GifChallenge.app */ = {isa = PBXFileReference; explicitFileType = wrapper.application; includeInIndex = 0; path = GifChallenge.app; sourceTree = BUILT_PRODUCTS_DIR; };
		040C448E232559EE00492778 /* AppDelegate.swift */ = {isa = PBXFileReference; lastKnownFileType = sourcecode.swift; path = AppDelegate.swift; sourceTree = "<group>"; };
		040C4490232559EE00492778 /* ViewController.swift */ = {isa = PBXFileReference; lastKnownFileType = sourcecode.swift; path = ViewController.swift; sourceTree = "<group>"; };
		040C4493232559EE00492778 /* Base */ = {isa = PBXFileReference; lastKnownFileType = file.storyboard; name = Base; path = Base.lproj/Main.storyboard; sourceTree = "<group>"; };
		040C4495232559EF00492778 /* Assets.xcassets */ = {isa = PBXFileReference; lastKnownFileType = folder.assetcatalog; path = Assets.xcassets; sourceTree = "<group>"; };
		040C449A232559EF00492778 /* Info.plist */ = {isa = PBXFileReference; lastKnownFileType = text.plist.xml; path = Info.plist; sourceTree = "<group>"; };
		040C44A023255A0400492778 /* Podfile */ = {isa = PBXFileReference; lastKnownFileType = text; path = Podfile; sourceTree = "<group>"; xcLanguageSpecificationIdentifier = xcode.lang.ruby; };
		040C44A9232597AB00492778 /* CatDescriptionViewController.swift */ = {isa = PBXFileReference; lastKnownFileType = sourcecode.swift; path = CatDescriptionViewController.swift; sourceTree = "<group>"; };
		DAA21A6859067DE3AA612C17 /* Pods_GifChallenge.framework */ = {isa = PBXFileReference; explicitFileType = wrapper.framework; includeInIndex = 0; path = Pods_GifChallenge.framework; sourceTree = BUILT_PRODUCTS_DIR; };
		EA4925A9B5751458BCD99BF1 /* Pods-GifChallenge.debug.xcconfig */ = {isa = PBXFileReference; includeInIndex = 1; lastKnownFileType = text.xcconfig; name = "Pods-GifChallenge.debug.xcconfig"; path = "Target Support Files/Pods-GifChallenge/Pods-GifChallenge.debug.xcconfig"; sourceTree = "<group>"; };
		F0D76BFDC8290BFBDBABDE8A /* Pods-GifChallenge.release.xcconfig */ = {isa = PBXFileReference; includeInIndex = 1; lastKnownFileType = text.xcconfig; name = "Pods-GifChallenge.release.xcconfig"; path = "Target Support Files/Pods-GifChallenge/Pods-GifChallenge.release.xcconfig"; sourceTree = "<group>"; };
/* End PBXFileReference section */

/* Begin PBXFrameworksBuildPhase section */
		040C4488232559EE00492778 /* Frameworks */ = {
			isa = PBXFrameworksBuildPhase;
			buildActionMask = 2147483647;
			files = (
				3AEBEA375DE5FC1DCDB6C112 /* Pods_GifChallenge.framework in Frameworks */,
			);
			runOnlyForDeploymentPostprocessing = 0;
		};
/* End PBXFrameworksBuildPhase section */

/* Begin PBXGroup section */
		040C4482232559EE00492778 = {
			isa = PBXGroup;
			children = (
				040C44A023255A0400492778 /* Podfile */,
				040C448D232559EE00492778 /* GifChallenge */,
				040C448C232559EE00492778 /* Products */,
				46CF66AE2A1344F53177C38D /* Pods */,
				0EA86FA4756758E36A1EA37D /* Frameworks */,
			);
			sourceTree = "<group>";
		};
		040C448C232559EE00492778 /* Products */ = {
			isa = PBXGroup;
			children = (
				040C448B232559EE00492778 /* GifChallenge.app */,
			);
			name = Products;
			sourceTree = "<group>";
		};
		040C448D232559EE00492778 /* GifChallenge */ = {
			isa = PBXGroup;
			children = (
				040C448E232559EE00492778 /* AppDelegate.swift */,
				040C4490232559EE00492778 /* ViewController.swift */,
				040C4492232559EE00492778 /* Main.storyboard */,
				040C44A9232597AB00492778 /* CatDescriptionViewController.swift */,
				040C4495232559EF00492778 /* Assets.xcassets */,
				040C449A232559EF00492778 /* Info.plist */,
			);
			path = GifChallenge;
			sourceTree = "<group>";
		};
		0EA86FA4756758E36A1EA37D /* Frameworks */ = {
			isa = PBXGroup;
			children = (
				DAA21A6859067DE3AA612C17 /* Pods_GifChallenge.framework */,
			);
			name = Frameworks;
			sourceTree = "<group>";
		};
		46CF66AE2A1344F53177C38D /* Pods */ = {
			isa = PBXGroup;
			children = (
				EA4925A9B5751458BCD99BF1 /* Pods-GifChallenge.debug.xcconfig */,
				F0D76BFDC8290BFBDBABDE8A /* Pods-GifChallenge.release.xcconfig */,
			);
			path = Pods;
			sourceTree = "<group>";
		};
/* End PBXGroup section */

/* Begin PBXNativeTarget section */
		040C448A232559EE00492778 /* GifChallenge */ = {
			isa = PBXNativeTarget;
			buildConfigurationList = 040C449D232559EF00492778 /* Build configuration list for PBXNativeTarget "GifChallenge" */;
			buildPhases = (
				8DD6E801E6DAA1FFBDB9A2F5 /* [CP] Check Pods Manifest.lock */,
				040C4487232559EE00492778 /* Sources */,
				040C4488232559EE00492778 /* Frameworks */,
				040C4489232559EE00492778 /* Resources */,
				B3E9D7207A410D24714FD23E /* [CP] Embed Pods Frameworks */,
			);
			buildRules = (
			);
			dependencies = (
			);
			name = GifChallenge;
			productName = GifChallenge;
			productReference = 040C448B232559EE00492778 /* GifChallenge.app */;
			productType = "com.apple.product-type.application";
		};
/* End PBXNativeTarget section */

/* Begin PBXProject section */
		040C4483232559EE00492778 /* Project object */ = {
			isa = PBXProject;
			attributes = {
				LastSwiftUpdateCheck = 1020;
				LastUpgradeCheck = 1020;
				ORGANIZATIONNAME = com.LauraRadicchi;
				TargetAttributes = {
					040C448A232559EE00492778 = {
						CreatedOnToolsVersion = 10.2.1;
					};
				};
			};
			buildConfigurationList = 040C4486232559EE00492778 /* Build configuration list for PBXProject "GifChallenge" */;
			compatibilityVersion = "Xcode 9.3";
			developmentRegion = en;
			hasScannedForEncodings = 0;
			knownRegions = (
				en,
				Base,
			);
			mainGroup = 040C4482232559EE00492778;
			productRefGroup = 040C448C232559EE00492778 /* Products */;
			projectDirPath = "";
			projectRoot = "";
			targets = (
				040C448A232559EE00492778 /* GifChallenge */,
			);
		};
/* End PBXProject section */

/* Begin PBXResourcesBuildPhase section */
		040C4489232559EE00492778 /* Resources */ = {
			isa = PBXResourcesBuildPhase;
			buildActionMask = 2147483647;
			files = (
				040C4496232559EF00492778 /* Assets.xcassets in Resources */,
				040C44A123255A0400492778 /* Podfile in Resources */,
				040C4494232559EE00492778 /* Main.storyboard in Resources */,
			);
			runOnlyForDeploymentPostprocessing = 0;
		};
/* End PBXResourcesBuildPhase section */

/* Begin PBXShellScriptBuildPhase section */
		8DD6E801E6DAA1FFBDB9A2F5 /* [CP] Check Pods Manifest.lock */ = {
			isa = PBXShellScriptBuildPhase;
			buildActionMask = 2147483647;
			files = (
			);
			inputFileListPaths = (
			);
			inputPaths = (
				"${PODS_PODFILE_DIR_PATH}/Podfile.lock",
				"${PODS_ROOT}/Manifest.lock",
			);
			name = "[CP] Check Pods Manifest.lock";
			outputFileListPaths = (
			);
			outputPaths = (
				"$(DERIVED_FILE_DIR)/Pods-GifChallenge-checkManifestLockResult.txt",
			);
			runOnlyForDeploymentPostprocessing = 0;
			shellPath = /bin/sh;
			shellScript = "diff \"${PODS_PODFILE_DIR_PATH}/Podfile.lock\" \"${PODS_ROOT}/Manifest.lock\" > /dev/null\nif [ $? != 0 ] ; then\n    # print error to STDERR\n    echo \"error: The sandbox is not in sync with the Podfile.lock. Run 'pod install' or update your CocoaPods installation.\" >&2\n    exit 1\nfi\n# This output is used by Xcode 'outputs' to avoid re-running this script phase.\necho \"SUCCESS\" > \"${SCRIPT_OUTPUT_FILE_0}\"\n";
			showEnvVarsInLog = 0;
		};
		B3E9D7207A410D24714FD23E /* [CP] Embed Pods Frameworks */ = {
			isa = PBXShellScriptBuildPhase;
			buildActionMask = 2147483647;
			files = (
			);
			inputFileListPaths = (
				"${PODS_ROOT}/Target Support Files/Pods-GifChallenge/Pods-GifChallenge-frameworks-${CONFIGURATION}-input-files.xcfilelist",
			);
			name = "[CP] Embed Pods Frameworks";
			outputFileListPaths = (
				"${PODS_ROOT}/Target Support Files/Pods-GifChallenge/Pods-GifChallenge-frameworks-${CONFIGURATION}-output-files.xcfilelist",
			);
			runOnlyForDeploymentPostprocessing = 0;
			shellPath = /bin/sh;
			shellScript = "\"${PODS_ROOT}/Target Support Files/Pods-GifChallenge/Pods-GifChallenge-frameworks.sh\"\n";
			showEnvVarsInLog = 0;
		};
/* End PBXShellScriptBuildPhase section */

/* Begin PBXSourcesBuildPhase section */
		040C4487232559EE00492778 /* Sources */ = {
			isa = PBXSourcesBuildPhase;
			buildActionMask = 2147483647;
			files = (
				040C44AA232597AB00492778 /* CatDescriptionViewController.swift in Sources */,
				040C4491232559EE00492778 /* ViewController.swift in Sources */,
				040C448F232559EE00492778 /* AppDelegate.swift in Sources */,
			);
			runOnlyForDeploymentPostprocessing = 0;
		};
/* End PBXSourcesBuildPhase section */

/* Begin PBXVariantGroup section */
		040C4492232559EE00492778 /* Main.storyboard */ = {
			isa = PBXVariantGroup;
			children = (
				040C4493232559EE00492778 /* Base */,
			);
			name = Main.storyboard;
			sourceTree = "<group>";
		};
/* End PBXVariantGroup section */

/* Begin XCBuildConfiguration section */
		040C449B232559EF00492778 /* Debug */ = {
			isa = XCBuildConfiguration;
			buildSettings = {
				ALWAYS_SEARCH_USER_PATHS = NO;
				CLANG_ANALYZER_NONNULL = YES;
				CLANG_ANALYZER_NUMBER_OBJECT_CONVERSION = YES_AGGRESSIVE;
				CLANG_CXX_LANGUAGE_STANDARD = "gnu++14";
				CLANG_CXX_LIBRARY = "libc++";
				CLANG_ENABLE_MODULES = YES;
				CLANG_ENABLE_OBJC_ARC = YES;
				CLANG_ENABLE_OBJC_WEAK = YES;
				CLANG_WARN_BLOCK_CAPTURE_AUTORELEASING = YES;
				CLANG_WARN_BOOL_CONVERSION = YES;
				CLANG_WARN_COMMA = YES;
				CLANG_WARN_CONSTANT_CONVERSION = YES;
				CLANG_WARN_DEPRECATED_OBJC_IMPLEMENTATIONS = YES;
				CLANG_WARN_DIRECT_OBJC_ISA_USAGE = YES_ERROR;
				CLANG_WARN_DOCUMENTATION_COMMENTS = YES;
				CLANG_WARN_EMPTY_BODY = YES;
				CLANG_WARN_ENUM_CONVERSION = YES;
				CLANG_WARN_INFINITE_RECURSION = YES;
				CLANG_WARN_INT_CONVERSION = YES;
				CLANG_WARN_NON_LITERAL_NULL_CONVERSION = YES;
				CLANG_WARN_OBJC_IMPLICIT_RETAIN_SELF = YES;
				CLANG_WARN_OBJC_LITERAL_CONVERSION = YES;
				CLANG_WARN_OBJC_ROOT_CLASS = YES_ERROR;
				CLANG_WARN_RANGE_LOOP_ANALYSIS = YES;
				CLANG_WARN_STRICT_PROTOTYPES = YES;
				CLANG_WARN_SUSPICIOUS_MOVE = YES;
				CLANG_WARN_UNGUARDED_AVAILABILITY = YES_AGGRESSIVE;
				CLANG_WARN_UNREACHABLE_CODE = YES;
				CLANG_WARN__DUPLICATE_METHOD_MATCH = YES;
				CODE_SIGN_IDENTITY = "iPhone Developer";
				COPY_PHASE_STRIP = NO;
				DEBUG_INFORMATION_FORMAT = dwarf;
				ENABLE_STRICT_OBJC_MSGSEND = YES;
				ENABLE_TESTABILITY = YES;
				GCC_C_LANGUAGE_STANDARD = gnu11;
				GCC_DYNAMIC_NO_PIC = NO;
				GCC_NO_COMMON_BLOCKS = YES;
				GCC_OPTIMIZATION_LEVEL = 0;
				GCC_PREPROCESSOR_DEFINITIONS = (
					"DEBUG=1",
					"$(inherited)",
				);
				GCC_WARN_64_TO_32_BIT_CONVERSION = YES;
				GCC_WARN_ABOUT_RETURN_TYPE = YES_ERROR;
				GCC_WARN_UNDECLARED_SELECTOR = YES;
				GCC_WARN_UNINITIALIZED_AUTOS = YES_AGGRESSIVE;
				GCC_WARN_UNUSED_FUNCTION = YES;
				GCC_WARN_UNUSED_VARIABLE = YES;
				IPHONEOS_DEPLOYMENT_TARGET = 12.2;
				MTL_ENABLE_DEBUG_INFO = INCLUDE_SOURCE;
				MTL_FAST_MATH = YES;
				ONLY_ACTIVE_ARCH = YES;
				SDKROOT = iphoneos;
				SWIFT_ACTIVE_COMPILATION_CONDITIONS = DEBUG;
				SWIFT_OPTIMIZATION_LEVEL = "-Onone";
			};
			name = Debug;
		};
		040C449C232559EF00492778 /* Release */ = {
			isa = XCBuildConfiguration;
			buildSettings = {
				ALWAYS_SEARCH_USER_PATHS = NO;
				CLANG_ANALYZER_NONNULL = YES;
				CLANG_ANALYZER_NUMBER_OBJECT_CONVERSION = YES_AGGRESSIVE;
				CLANG_CXX_LANGUAGE_STANDARD = "gnu++14";
				CLANG_CXX_LIBRARY = "libc++";
				CLANG_ENABLE_MODULES = YES;
				CLANG_ENABLE_OBJC_ARC = YES;
				CLANG_ENABLE_OBJC_WEAK = YES;
				CLANG_WARN_BLOCK_CAPTURE_AUTORELEASING = YES;
				CLANG_WARN_BOOL_CONVERSION = YES;
				CLANG_WARN_COMMA = YES;
				CLANG_WARN_CONSTANT_CONVERSION = YES;
				CLANG_WARN_DEPRECATED_OBJC_IMPLEMENTATIONS = YES;
				CLANG_WARN_DIRECT_OBJC_ISA_USAGE = YES_ERROR;
				CLANG_WARN_DOCUMENTATION_COMMENTS = YES;
				CLANG_WARN_EMPTY_BODY = YES;
				CLANG_WARN_ENUM_CONVERSION = YES;
				CLANG_WARN_INFINITE_RECURSION = YES;
				CLANG_WARN_INT_CONVERSION = YES;
				CLANG_WARN_NON_LITERAL_NULL_CONVERSION = YES;
				CLANG_WARN_OBJC_IMPLICIT_RETAIN_SELF = YES;
				CLANG_WARN_OBJC_LITERAL_CONVERSION = YES;
				CLANG_WARN_OBJC_ROOT_CLASS = YES_ERROR;
				CLANG_WARN_RANGE_LOOP_ANALYSIS = YES;
				CLANG_WARN_STRICT_PROTOTYPES = YES;
				CLANG_WARN_SUSPICIOUS_MOVE = YES;
				CLANG_WARN_UNGUARDED_AVAILABILITY = YES_AGGRESSIVE;
				CLANG_WARN_UNREACHABLE_CODE = YES;
				CLANG_WARN__DUPLICATE_METHOD_MATCH = YES;
				CODE_SIGN_IDENTITY = "iPhone Developer";
				COPY_PHASE_STRIP = NO;
				DEBUG_INFORMATION_FORMAT = "dwarf-with-dsym";
				ENABLE_NS_ASSERTIONS = NO;
				ENABLE_STRICT_OBJC_MSGSEND = YES;
				GCC_C_LANGUAGE_STANDARD = gnu11;
				GCC_NO_COMMON_BLOCKS = YES;
				GCC_WARN_64_TO_32_BIT_CONVERSION = YES;
				GCC_WARN_ABOUT_RETURN_TYPE = YES_ERROR;
				GCC_WARN_UNDECLARED_SELECTOR = YES;
				GCC_WARN_UNINITIALIZED_AUTOS = YES_AGGRESSIVE;
				GCC_WARN_UNUSED_FUNCTION = YES;
				GCC_WARN_UNUSED_VARIABLE = YES;
				IPHONEOS_DEPLOYMENT_TARGET = 12.2;
				MTL_ENABLE_DEBUG_INFO = NO;
				MTL_FAST_MATH = YES;
				SDKROOT = iphoneos;
				SWIFT_COMPILATION_MODE = wholemodule;
				SWIFT_OPTIMIZATION_LEVEL = "-O";
				VALIDATE_PRODUCT = YES;
			};
			name = Release;
		};
		040C449E232559EF00492778 /* Debug */ = {
			isa = XCBuildConfiguration;
			baseConfigurationReference = EA4925A9B5751458BCD99BF1 /* Pods-GifChallenge.debug.xcconfig */;
			buildSettings = {
				ASSETCATALOG_COMPILER_APPICON_NAME = AppIcon;
				CODE_SIGN_STYLE = Automatic;
				DEVELOPMENT_TEAM = 83ZA56292C;
				INFOPLIST_FILE = GifChallenge/Info.plist;
				LD_RUNPATH_SEARCH_PATHS = (
					"$(inherited)",
					"@executable_path/Frameworks",
				);
				PRODUCT_BUNDLE_IDENTIFIER = LauraRadicchi.GifChallenge;
				PRODUCT_NAME = "$(TARGET_NAME)";
				SWIFT_VERSION = 5.0;
				TARGETED_DEVICE_FAMILY = "1,2";
			};
			name = Debug;
		};
		040C449F232559EF00492778 /* Release */ = {
			isa = XCBuildConfiguration;
			baseConfigurationReference = F0D76BFDC8290BFBDBABDE8A /* Pods-GifChallenge.release.xcconfig */;
			buildSettings = {
				ASSETCATALOG_COMPILER_APPICON_NAME = AppIcon;
				CODE_SIGN_STYLE = Automatic;
				DEVELOPMENT_TEAM = 83ZA56292C;
				INFOPLIST_FILE = GifChallenge/Info.plist;
				LD_RUNPATH_SEARCH_PATHS = (
					"$(inherited)",
					"@executable_path/Frameworks",
				);
				PRODUCT_BUNDLE_IDENTIFIER = LauraRadicchi.GifChallenge;
				PRODUCT_NAME = "$(TARGET_NAME)";
				SWIFT_VERSION = 5.0;
				TARGETED_DEVICE_FAMILY = "1,2";
			};
			name = Release;
		};
/* End XCBuildConfiguration section */

/* Begin XCConfigurationList section */
		040C4486232559EE00492778 /* Build configuration list for PBXProject "GifChallenge" */ = {
			isa = XCConfigurationList;
			buildConfigurations = (
				040C449B232559EF00492778 /* Debug */,
				040C449C232559EF00492778 /* Release */,
			);
			defaultConfigurationIsVisible = 0;
			defaultConfigurationName = Release;
		};
		040C449D232559EF00492778 /* Build configuration list for PBXNativeTarget "GifChallenge" */ = {
			isa = XCConfigurationList;
			buildConfigurations = (
				040C449E232559EF00492778 /* Debug */,
				040C449F232559EF00492778 /* Release */,
			);
			defaultConfigurationIsVisible = 0;
			defaultConfigurationName = Release;
		};
/* End XCConfigurationList section */
	};
	rootObject = 040C4483232559EE00492778 /* Project object */;
}
